{
  "name": "youtube-popout-player",
  "version": "3.0.0",
  "lockfileVersion": 1,
  "requires": true,
  "dependencies": {
    "angular": {
      "version": "1.7.5"
    },
    "angular-animate": {
      "version": "1.7.5"
    },
    "angular-browser-i18n": {
      "version": "2.0.1"
    },
    "angular-messages": {
      "version": "1.7.5"
    },
    "angular-sanitize": {
      "version": "1.7.5"
    },
    "ansi-colors": {
      "version": "3.2.3",
      "dev": true
    },
    "bootstrap": {
      "version": "4.2.1"
    },
    "browser-sync": {
      "version": "2.26.3",
      "dev": true
    },
    "cross-env": {
      "version": "5.2.0",
      "dev": true
    },
    "css-loader": {
      "version": "2.1.0",
      "dev": true
    },
    "dialog-polyfill": {
      "version": "0.4.10"
    },
    "eslint-plugin-no-unsafe-innerhtml": {},
    "fancy-log": {
      "version": "1.3.3",
      "dev": true
    },
    "gulp": {
      "version": "4.0.0",
      "dev": true
    },
    "gulp-browser-i18n-localize": {
      "version": "1.0.1",
      "dev": true
    },
    "gulp-concat": {
      "version": "2.6.1",
      "dev": true
    },
    "gulp-ejs": {
      "version": "3.3.0",
      "dev": true
    },
    "gulp-eslint": {
      "version": "5.0.0",
      "dev": true,
      "requires": {
        "fancy-log": "^1.3.2"
      }
    },
    "gulp-folders": {
      "version": "1.1.0",
      "dev": true
    },
    "gulp-header": {
      "version": "2.0.7",
      "dev": true
    },
    "gulp-if": {
      "version": "2.0.2",
      "dev": true
    },
    "gulp-jsonlint": {
      "version": "1.2.2",
      "dev": true,
      "requires": {
        "fancy-log": "^1.3.2"
      }
    },
    "gulp-load-plugins": {
      "version": "1.5.0",
      "dev": true,
      "requires": {
        "fancy-log": "^1.2.0"
      }
    },
    "gulp-merge-json": {
      "version": "1.3.1",
      "dev": true
    },
    "gulp-print": {
      "version": "5.0.0",
      "dev": true,
      "requires": {
        "fancy-log": "^1.3.2"
      }
    },
    "gulp-rename": {
      "version": "1.4.0",
      "dev": true
    },
    "gulp-svg2png": {
      "version": "2.0.2",
      "dev": true
    },
    "gulp-uglify": {
      "version": "3.0.1",
      "dev": true
    },
    "gulp-zip": {
      "version": "4.2.0",
      "dev": true
    },
    "html-webpack-externals-plugin": {
      "version": "3.8.0",
      "dev": true
    },
    "html-webpack-plugin": {
      "version": "3.2.0",
      "dev": true
    },
    "jquery": {
      "version": "3.3.1"
    },
    "merge-stream": {
      "version": "1.0.1",
      "dev": true
    },
    "mini-css-extract-plugin": {
      "version": "0.5.0",
      "dev": true
    },
    "node-sass": {
      "version": "4.11.0",
      "dev": true
    },
    "npm-run-all": {
      "version": "4.1.5",
      "dev": true
    },
    "pump": {
      "version": "3.0.0",
      "dev": true
    },
    "raw-loader": {
      "version": "1.0.0",
      "dev": true
    },
    "rollup-stream": {
      "version": "1.24.1",
      "dev": true
    },
    "sass-loader": {
      "version": "7.1.0",
      "dev": true
    },
    "shoelace-css": {
      "version": "1.0.0-beta24"
    },
    "terser-webpack-plugin": {
      "version": "1.2.1",
      "dev": true
    },
    "trash-cli": {
      "version": "1.4.0",
      "dev": true
    },
    "uglify-es": {
      "version": "3.3.9",
      "dev": true
    },
    "url-loader": {
      "version": "1.1.2",
      "dev": true
    },
    "vinyl-buffer": {
      "version": "1.0.1",
      "dev": true
    },
    "vinyl-source-stream": {
      "version": "2.0.0",
      "dev": true
    },
    "web-ext": {
      "version": "2.9.3",
      "dev": true
    },
    "webextension-polyfill": {
      "version": "0.3.1"
    },
    "webpack": {
      "version": "4.28.4",
      "dev": true,
      "requires": {
        "terser-webpack-plugin": "^1.1.0"
      }
    },
    "webpack-merge": {
      "version": "4.2.1",
      "dev": true
    },
    "webpack-stream": {
      "version": "5.2.1",
      "dev": true,
      "requires": {
        "fancy-log": "^1.3.3",
        "webpack": "^4.26.1"
      }
    }
  }
}
